
Microsoft Visual Studio Solution File, Format Version 12.00
# Visual Studio Version 16
VisualStudioVersion = 16.0.30717.126
MinimumVisualStudioVersion = 10.0.40219.1
Project("{FAE04EC0-301F-11D3-BF4B-00C04F79EFBC}") = "SwipeBindingBug.Android", "SwipeBindingBug\SwipeBindingBug.Android\SwipeBindingBug.Android.csproj", "{4FD94FAF-21FB-450F-9088-2102588A15C9}"
EndProject
Project("{FAE04EC0-301F-11D3-BF4B-00C04F79EFBC}") = "SwipeBindingBug.iOS", "SwipeBindingBug\SwipeBindingBug.iOS\SwipeBindingBug.iOS.csproj", "{4BAFA8AA-7AE6-4760-A438-752566C7B18B}"
EndProject
Project("{FAE04EC0-301F-11D3-BF4B-00C04F79EFBC}") = "SwipeBindingBug", "SwipeBindingBug\SwipeBindingBug\SwipeBindingBug.csproj", "{BD855035-2368-4E41-A78B-C0503F7A942A}"
EndProject
Global
	GlobalSection(SolutionConfigurationPlatforms) = preSolution
		Debug|Any CPU = Debug|Any CPU
		Debug|iPhone = Debug|iPhone
		Debug|iPhoneSimulator = Debug|iPhoneSimulator
		Release|Any CPU = Release|Any CPU
		Release|iPhone = Release|iPhone
		Release|iPhoneSimulator = Release|iPhoneSimulator
	EndGlobalSection
	GlobalSection(ProjectConfigurationPlatforms) = postSolution
		{4FD94FAF-21FB-450F-9088-2102588A15C9}.Debug|Any CPU.ActiveCfg = Debug|Any CPU
		{4FD94FAF-21FB-450F-9088-2102588A15C9}.Debug|Any CPU.Build.0 = Debug|Any CPU
		{4FD94FAF-21FB-450F-9088-2102588A15C9}.Debug|Any CPU.Deploy.0 = Debug|Any CPU
		{4FD94FAF-21FB-450F-9088-2102588A15C9}.Debug|iPhone.ActiveCfg = Debug|Any CPU
		{4FD94FAF-21FB-450F-9088-2102588A15C9}.Debug|iPhone.Build.0 = Debug|Any CPU
		{4FD94FAF-21FB-450F-9088-2102588A15C9}.Debug|iPhone.Deploy.0 = Debug|Any CPU
		{4FD94FAF-21FB-450F-9088-2102588A15C9}.Debug|iPhoneSimulator.ActiveCfg = Debug|Any CPU
		{4FD94FAF-21FB-450F-9088-2102588A15C9}.Debug|iPhoneSimulator.Build.0 = Debug|Any CPU
		{4FD94FAF-21FB-450F-9088-2102588A15C9}.Debug|iPhoneSimulator.Deploy.0 = Debug|Any CPU
		{4FD94FAF-21FB-450F-9088-2102588A15C9}.Release|Any CPU.ActiveCfg = Release|Any CPU
		{4FD94FAF-21FB-450F-9088-2102588A15C9}.Release|Any CPU.Build.0 = Release|Any CPU
		{4FD94FAF-21FB-450F-9088-2102588A15C9}.Release|Any CPU.Deploy.0 = Release|Any CPU
		{4FD94FAF-21FB-450F-9088-2102588A15C9}.Release|iPhone.ActiveCfg = Release|Any CPU
		{4FD94FAF-21FB-450F-9088-2102588A15C9}.Release|iPhone.Build.0 = Release|Any CPU
		{4FD94FAF-21FB-450F-9088-2102588A15C9}.Release|iPhone.Deploy.0 = Release|Any CPU
		{4FD94FAF-21FB-450F-9088-2102588A15C9}.Release|iPhoneSimulator.ActiveCfg = Release|Any CPU
		{4FD94FAF-21FB-450F-9088-2102588A15C9}.Release|iPhoneSimulator.Build.0 = Release|Any CPU
		{4FD94FAF-21FB-450F-9088-2102588A15C9}.Release|iPhoneSimulator.Deploy.0 = Release|Any CPU
		{4BAFA8AA-7AE6-4760-A438-752566C7B18B}.Debug|Any CPU.ActiveCfg = Debug|iPhone
		{4BAFA8AA-7AE6-4760-A438-752566C7B18B}.Debug|Any CPU.Build.0 = Debug|iPhone
		{4BAFA8AA-7AE6-4760-A438-752566C7B18B}.Debug|Any CPU.Deploy.0 = Debug|iPhone
		{4BAFA8AA-7AE6-4760-A438-752566C7B18B}.Debug|iPhone.ActiveCfg = Debug|iPhone
		{4BAFA8AA-7AE6-4760-A438-752566C7B18B}.Debug|iPhone.Build.0 = Debug|iPhone
		{4BAFA8AA-7AE6-4760-A438-752566C7B18B}.Debug|iPhone.Deploy.0 = Debug|iPhone
		{4BAFA8AA-7AE6-4760-A438-752566C7B18B}.Debug|iPhoneSimulator.ActiveCfg = Debug|iPhoneSimulator
		{4BAFA8AA-7AE6-4760-A438-752566C7B18B}.Debug|iPhoneSimulator.Build.0 = Debug|iPhoneSimulator
		{4BAFA8AA-7AE6-4760-A438-752566C7B18B}.Debug|iPhoneSimulator.Deploy.0 = Debug|iPhoneSimulator
		{4BAFA8AA-7AE6-4760-A438-752566C7B18B}.Release|Any CPU.ActiveCfg = Release|iPhoneSimulator
		{4BAFA8AA-7AE6-4760-A438-752566C7B18B}.Release|Any CPU.Build.0 = Release|iPhoneSimulator
		{4BAFA8AA-7AE6-4760-A438-752566C7B18B}.Release|Any CPU.Deploy.0 = Release|iPhoneSimulator
		{4BAFA8AA-7AE6-4760-A438-752566C7B18B}.Release|iPhone.ActiveCfg = Release|iPhone
		{4BAFA8AA-7AE6-4760-A438-752566C7B18B}.Release|iPhone.Build.0 = Release|iPhone
		{4BAFA8AA-7AE6-4760-A438-752566C7B18B}.Release|iPhone.Deploy.0 = Release|iPhone
		{4BAFA8AA-7AE6-4760-A438-752566C7B18B}.Release|iPhoneSimulator.ActiveCfg = Release|iPhoneSimulator
		{4BAFA8AA-7AE6-4760-A438-752566C7B18B}.Release|iPhoneSimulator.Build.0 = Release|iPhoneSimulator
		{4BAFA8AA-7AE6-4760-A438-752566C7B18B}.Release|iPhoneSimulator.Deploy.0 = Release|iPhoneSimulator
		{BD855035-2368-4E41-A78B-C0503F7A942A}.Debug|Any CPU.ActiveCfg = Debug|Any CPU
		{BD855035-2368-4E41-A78B-C0503F7A942A}.Debug|Any CPU.Build.0 = Debug|Any CPU
		{BD855035-2368-4E41-A78B-C0503F7A942A}.Debug|Any CPU.Deploy.0 = Debug|Any CPU
		{BD855035-2368-4E41-A78B-C0503F7A942A}.Debug|iPhone.ActiveCfg = Debug|Any CPU
		{BD855035-2368-4E41-A78B-C0503F7A942A}.Debug|iPhone.Build.0 = Debug|Any CPU
		{BD855035-2368-4E41-A78B-C0503F7A942A}.Debug|iPhone.Deploy.0 = Debug|Any CPU
		{BD855035-2368-4E41-A78B-C0503F7A942A}.Debug|iPhoneSimulator.ActiveCfg = Debug|Any CPU
		{BD855035-2368-4E41-A78B-C0503F7A942A}.Debug|iPhoneSimulator.Build.0 = Debug|Any CPU
		{BD855035-2368-4E41-A78B-C0503F7A942A}.Debug|iPhoneSimulator.Deploy.0 = Debug|Any CPU
		{BD855035-2368-4E41-A78B-C0503F7A942A}.Release|Any CPU.ActiveCfg = Release|Any CPU
		{BD855035-2368-4E41-A78B-C0503F7A942A}.Release|Any CPU.Build.0 = Release|Any CPU
		{BD855035-2368-4E41-A78B-C0503F7A942A}.Release|Any CPU.Deploy.0 = Release|Any CPU
		{BD855035-2368-4E41-A78B-C0503F7A942A}.Release|iPhone.ActiveCfg = Release|Any CPU
		{BD855035-2368-4E41-A78B-C0503F7A942A}.Release|iPhone.Build.0 = Release|Any CPU
		{BD855035-2368-4E41-A78B-C0503F7A942A}.Release|iPhone.Deploy.0 = Release|Any CPU
		{BD855035-2368-4E41-A78B-C0503F7A942A}.Release|iPhoneSimulator.ActiveCfg = Release|Any CPU
		{BD855035-2368-4E41-A78B-C0503F7A942A}.Release|iPhoneSimulator.Build.0 = Release|Any CPU
		{BD855035-2368-4E41-A78B-C0503F7A942A}.Release|iPhoneSimulator.Deploy.0 = Release|Any CPU
	EndGlobalSection
	GlobalSection(SolutionProperties) = preSolution
		HideSolutionNode = FALSE
	EndGlobalSection
	GlobalSection(ExtensibilityGlobals) = postSolution
		SolutionGuid = {1E1C8E0A-6FCD-47FF-82FE-249177A805A2}
	EndGlobalSection
EndGlobal
